
Microsoft Visual Studio Solution File, Format Version 12.00
# Visual Studio Version 17
VisualStudioVersion = 17.3.32901.215
MinimumVisualStudioVersion = 10.0.40219.1
Project("{FAE04EC0-301F-11D3-BF4B-00C04F79EFBC}") = "sdc1-knowledge-check-2", "sdc1-knowledge-check-2.csproj", "{3B5EEAC1-F3B2-4DB2-910A-1FC8D0097A07}"
EndProject
Global
	GlobalSection(SolutionConfigurationPlatforms) = preSolution
		Debug|Any CPU = Debug|Any CPU
		Release|Any CPU = Release|Any CPU
	EndGlobalSection
	GlobalSection(ProjectConfigurationPlatforms) = postSolution
		{3B5EEAC1-F3B2-4DB2-910A-1FC8D0097A07}.Debug|Any CPU.ActiveCfg = Debug|Any CPU
		{3B5EEAC1-F3B2-4DB2-910A-1FC8D0097A07}.Debug|Any CPU.Build.0 = Debug|Any CPU
		{3B5EEAC1-F3B2-4DB2-910A-1FC8D0097A07}.Release|Any CPU.ActiveCfg = Release|Any CPU
		{3B5EEAC1-F3B2-4DB2-910A-1FC8D0097A07}.Release|Any CPU.Build.0 = Release|Any CPU
	EndGlobalSection
	GlobalSection(SolutionProperties) = preSolution
		HideSolutionNode = FALSE
	EndGlobalSection
	GlobalSection(ExtensibilityGlobals) = postSolution
		SolutionGuid = {CC5D6D9C-A647-4E6E-B2DC-5DD1A16E8CD7}
	EndGlobalSection
EndGlobal
